
Microsoft Visual Studio Solution File, Format Version 12.00
# Visual Studio 15
VisualStudioVersion = 15.0.27428.2015
MinimumVisualStudioVersion = 10.0.40219.1
Project("{FAE04EC0-301F-11D3-BF4B-00C04F79EFBC}") = "Tutorial 1 - Create Windows", "Tutorial1\Tutorial 1 - Create Windows.csproj", "{490C5D5B-5BD4-4A9F-91CC-C0F6B94AE93B}"
EndProject
Project("{FAE04EC0-301F-11D3-BF4B-00C04F79EFBC}") = "Tutorial 2 - Render Loop, Fps Counter", "Tutorial2\Tutorial 2 - Render Loop, Fps Counter.csproj", "{E31589B9-87DC-4650-900F-E2DAE18370AA}"
EndProject
Project("{FAE04EC0-301F-11D3-BF4B-00C04F79EFBC}") = "Tutorial 3 - GDI Double Buffer", "Tutorial3\Tutorial 3 - GDI Double Buffer.csproj", "{99E09DF8-1DD8-4298-B62D-C4E93EF170D2}"
EndProject
Project("{FAE04EC0-301F-11D3-BF4B-00C04F79EFBC}") = "Tutorial 4 - Forms, WPF and WinAPI", "Tutorial4\Tutorial 4 - Forms, WPF and WinAPI.csproj", "{02A0A9DC-7942-4071-BDA7-60695DA5E779}"
EndProject
Project("{FAE04EC0-301F-11D3-BF4B-00C04F79EFBC}") = "Tutorial 5 - Input", "Tutorial5\Tutorial 5 - Input.csproj", "{A36DB8E7-7F19-4FF7-9D67-5ED9023D108D}"
EndProject
Project("{FAE04EC0-301F-11D3-BF4B-00C04F79EFBC}") = "Tutorial 6 - GDI Back Buffer", "Tutorial6\Tutorial 6 - GDI Back Buffer.csproj", "{C4240246-E59D-4F53-9BE5-4E88329FEABC}"
EndProject
Project("{FAE04EC0-301F-11D3-BF4B-00C04F79EFBC}") = "Tutorial 7", "Tutorial7\Tutorial 7.csproj", "{5EBA559E-817E-4FE7-B99D-A0608C0B5120}"
EndProject
Global
	GlobalSection(SolutionConfigurationPlatforms) = preSolution
		Debug|Any CPU = Debug|Any CPU
		Release|Any CPU = Release|Any CPU
	EndGlobalSection
	GlobalSection(ProjectConfigurationPlatforms) = postSolution
		{490C5D5B-5BD4-4A9F-91CC-C0F6B94AE93B}.Debug|Any CPU.ActiveCfg = Debug|Any CPU
		{490C5D5B-5BD4-4A9F-91CC-C0F6B94AE93B}.Debug|Any CPU.Build.0 = Debug|Any CPU
		{490C5D5B-5BD4-4A9F-91CC-C0F6B94AE93B}.Release|Any CPU.ActiveCfg = Release|Any CPU
		{490C5D5B-5BD4-4A9F-91CC-C0F6B94AE93B}.Release|Any CPU.Build.0 = Release|Any CPU
		{E31589B9-87DC-4650-900F-E2DAE18370AA}.Debug|Any CPU.ActiveCfg = Debug|Any CPU
		{E31589B9-87DC-4650-900F-E2DAE18370AA}.Debug|Any CPU.Build.0 = Debug|Any CPU
		{E31589B9-87DC-4650-900F-E2DAE18370AA}.Release|Any CPU.ActiveCfg = Release|Any CPU
		{E31589B9-87DC-4650-900F-E2DAE18370AA}.Release|Any CPU.Build.0 = Release|Any CPU
		{99E09DF8-1DD8-4298-B62D-C4E93EF170D2}.Debug|Any CPU.ActiveCfg = Debug|Any CPU
		{99E09DF8-1DD8-4298-B62D-C4E93EF170D2}.Debug|Any CPU.Build.0 = Debug|Any CPU
		{99E09DF8-1DD8-4298-B62D-C4E93EF170D2}.Release|Any CPU.ActiveCfg = Release|Any CPU
		{99E09DF8-1DD8-4298-B62D-C4E93EF170D2}.Release|Any CPU.Build.0 = Release|Any CPU
		{02A0A9DC-7942-4071-BDA7-60695DA5E779}.Debug|Any CPU.ActiveCfg = Debug|Any CPU
		{02A0A9DC-7942-4071-BDA7-60695DA5E779}.Debug|Any CPU.Build.0 = Debug|Any CPU
		{02A0A9DC-7942-4071-BDA7-60695DA5E779}.Release|Any CPU.ActiveCfg = Release|Any CPU
		{02A0A9DC-7942-4071-BDA7-60695DA5E779}.Release|Any CPU.Build.0 = Release|Any CPU
		{A36DB8E7-7F19-4FF7-9D67-5ED9023D108D}.Debug|Any CPU.ActiveCfg = Debug|Any CPU
		{A36DB8E7-7F19-4FF7-9D67-5ED9023D108D}.Debug|Any CPU.Build.0 = Debug|Any CPU
		{A36DB8E7-7F19-4FF7-9D67-5ED9023D108D}.Release|Any CPU.ActiveCfg = Release|Any CPU
		{A36DB8E7-7F19-4FF7-9D67-5ED9023D108D}.Release|Any CPU.Build.0 = Release|Any CPU
		{C4240246-E59D-4F53-9BE5-4E88329FEABC}.Debug|Any CPU.ActiveCfg = Debug|Any CPU
		{C4240246-E59D-4F53-9BE5-4E88329FEABC}.Debug|Any CPU.Build.0 = Debug|Any CPU
		{C4240246-E59D-4F53-9BE5-4E88329FEABC}.Release|Any CPU.ActiveCfg = Release|Any CPU
		{C4240246-E59D-4F53-9BE5-4E88329FEABC}.Release|Any CPU.Build.0 = Release|Any CPU
		{5EBA559E-817E-4FE7-B99D-A0608C0B5120}.Debug|Any CPU.ActiveCfg = Debug|Any CPU
		{5EBA559E-817E-4FE7-B99D-A0608C0B5120}.Debug|Any CPU.Build.0 = Debug|Any CPU
		{5EBA559E-817E-4FE7-B99D-A0608C0B5120}.Release|Any CPU.ActiveCfg = Release|Any CPU
		{5EBA559E-817E-4FE7-B99D-A0608C0B5120}.Release|Any CPU.Build.0 = Release|Any CPU
	EndGlobalSection
	GlobalSection(SolutionProperties) = preSolution
		HideSolutionNode = FALSE
	EndGlobalSection
	GlobalSection(ExtensibilityGlobals) = postSolution
		SolutionGuid = {274594E9-8895-4458-BC0B-B81FDBE3EEB3}
	EndGlobalSection
EndGlobal
