
Microsoft Visual Studio Solution File, Format Version 12.00
# Visual Studio 15
VisualStudioVersion = 15.0.27428.2015
MinimumVisualStudioVersion = 10.0.40219.1
Project("{FAE04EC0-301F-11D3-BF4B-00C04F79EFBC}") = "Tutorial 001 - Create Windows", "Tutorial 001 - Create Windows\Tutorial 001 - Create Windows.csproj", "{490C5D5B-5BD4-4A9F-91CC-C0F6B94AE93B}"
EndProject
Project("{FAE04EC0-301F-11D3-BF4B-00C04F79EFBC}") = "Tutorial 002 - Render Loop, Fps Counter", "Tutorial 002 - Render Loop, Fps Counter\Tutorial 002 - Render Loop, Fps Counter.csproj", "{E31589B9-87DC-4650-900F-E2DAE18370AA}"
EndProject
Project("{FAE04EC0-301F-11D3-BF4B-00C04F79EFBC}") = "Tutorial 003 - GDI Double Buffer", "Tutorial 003 - GDI Double Buffer\Tutorial 003 - GDI Double Buffer.csproj", "{99E09DF8-1DD8-4298-B62D-C4E93EF170D2}"
EndProject
Project("{FAE04EC0-301F-11D3-BF4B-00C04F79EFBC}") = "Tutorial 004 - Forms, WPF and WinAPI", "Tutorial 004 - Forms, WPF and WinAPI\Tutorial 004 - Forms, WPF and WinAPI.csproj", "{02A0A9DC-7942-4071-BDA7-60695DA5E779}"
EndProject
Project("{FAE04EC0-301F-11D3-BF4B-00C04F79EFBC}") = "Tutorial 005 - Input", "Tutorial 005 - Input\Tutorial 005 - Input.csproj", "{A36DB8E7-7F19-4FF7-9D67-5ED9023D108D}"
EndProject
Project("{FAE04EC0-301F-11D3-BF4B-00C04F79EFBC}") = "Tutorial 006 - GDI Back Buffer", "Tutorial 006 - GDI Back Buffer\Tutorial 006 - GDI Back Buffer.csproj", "{C4240246-E59D-4F53-9BE5-4E88329FEABC}"
EndProject
Project("{FAE04EC0-301F-11D3-BF4B-00C04F79EFBC}") = "Tutorial 007 - Screen Space, View Space", "Tutorial 007 - Screen Space, View Space\Tutorial 007 - Screen Space, View Space.csproj", "{5EBA559E-817E-4FE7-B99D-A0608C0B5120}"
EndProject
Project("{FAE04EC0-301F-11D3-BF4B-00C04F79EFBC}") = "Tutorial 008 - Matrices, Transformations", "Tutorial 008 - Matrices, Transformations\Tutorial 008 - Matrices, Transformations.csproj", "{2F75BDA7-7F3B-4802-B545-C7D17B94404F}"
EndProject
Project("{FAE04EC0-301F-11D3-BF4B-00C04F79EFBC}") = "Tutorial 009 - World Space, Model Space", "Tutorial 009 - World Space, Model Space\Tutorial 009 - World Space, Model Space.csproj", "{DD0541AD-B692-4767-ABBA-36F1A368F13D}"
EndProject
Project("{FAE04EC0-301F-11D3-BF4B-00C04F79EFBC}") = "Tutorial 010 - Camera", "Tutorial 010 - Camera\Tutorial 010 - Camera.csproj", "{EC35FD3D-1D33-42E8-95D9-9304AD35BF11}"
EndProject
Project("{FAE04EC0-301F-11D3-BF4B-00C04F79EFBC}") = "Tutorial 011 - Operators", "Tutorial 011 - Operators\Tutorial 011 - Operators.csproj", "{9B3A6F54-B8D8-48AF-BF43-4B5EE2C7DA3C}"
EndProject
Project("{FAE04EC0-301F-11D3-BF4B-00C04F79EFBC}") = "Tutorial 012 - Camera Zoom", "Tutorial 012 - Camera Zoom\Tutorial 012 - Camera Zoom.csproj", "{C79BBC0B-B9C4-4FFF-90ED-764DA8A6B065}"
EndProject
Project("{FAE04EC0-301F-11D3-BF4B-00C04F79EFBC}") = "Tutorial 013 - Camera Pan", "Tutorial 013 - Camera Pan\Tutorial 013 - Camera Pan.csproj", "{70A6D8C2-74B3-4048-A761-ED72197043A5}"
EndProject
Project("{FAE04EC0-301F-11D3-BF4B-00C04F79EFBC}") = "Tutorial 014 - Camera Orbit", "Tutorial 014 - Camera Orbit\Tutorial 014 - Camera Orbit.csproj", "{D76C766C-0D48-422F-8554-1031559FABD3}"
EndProject
Project("{FAE04EC0-301F-11D3-BF4B-00C04F79EFBC}") = "Tutorial 015 - Primitives, Materials", "Tutorial 015 - Primitives, Materials\Tutorial 015 - Primitives, Materials.csproj", "{51673CAC-28A4-4D3D-A676-5F59D195C92F}"
EndProject
Project("{FAE04EC0-301F-11D3-BF4B-00C04F79EFBC}") = "Tutorial 016 - GDI Pipeline", "Tutorial 016 - GDI Pipeline\Tutorial 016 - GDI Pipeline.csproj", "{B04CF5FD-59B8-46CE-BD96-E1ECB383B25B}"
EndProject
Project("{FAE04EC0-301F-11D3-BF4B-00C04F79EFBC}") = "Tutorial 017 - GDI Rasterize Line", "Tutorial 017 - GDI Rasterize Line\Tutorial 017 - GDI Rasterize Line.csproj", "{2EA97E80-96DA-4BD1-A68B-19D2F44F8F8F}"
EndProject
Project("{FAE04EC0-301F-11D3-BF4B-00C04F79EFBC}") = "Tutorial 018 - GDI Rasterize Triangle", "Tutorial 018 - GDI Rasterize Triangle\Tutorial 018 - GDI Rasterize Triangle.csproj", "{EAF1E771-AC50-438D-A248-D50E3B7F605D}"
EndProject
Project("{FAE04EC0-301F-11D3-BF4B-00C04F79EFBC}") = "Tutorial 019 - GDI Interpolation", "Tutorial 019 - GDI Interpolation\Tutorial 019 - GDI Interpolation.csproj", "{BA52B315-21E8-426A-B1D6-B0F7E115D929}"
EndProject
Project("{FAE04EC0-301F-11D3-BF4B-00C04F79EFBC}") = "Tutorial 020 - GDI Depth Buffer", "Tutorial 020 - GDI Depth Buffer\Tutorial 020 - GDI Depth Buffer.csproj", "{BF55C633-7DD6-4CED-8290-B85077067665}"
EndProject
Project("{FAE04EC0-301F-11D3-BF4B-00C04F79EFBC}") = "Tutorial 021 - GDI Rasterize Line, Diamond-Exit", "Tutorial 021 - GDI Rasterize Line, Diamond-Exit\Tutorial 021 - GDI Rasterize Line, Diamond-Exit.csproj", "{51952CD4-7047-4AB0-8264-8496B76AD47F}"
EndProject
Project("{FAE04EC0-301F-11D3-BF4B-00C04F79EFBC}") = "Tutorial 022 - GDI Point Clipping", "Tutorial 022 - GDI Point Clipping\Tutorial 022 - GDI Point Clipping.csproj", "{05259DEF-3900-4D38-A28B-2CDC722EF8B8}"
EndProject
Project("{FAE04EC0-301F-11D3-BF4B-00C04F79EFBC}") = "Tutorial 023 - GDI Line Clipping", "Tutorial 023 - GDI Line Clipping\Tutorial 023 - GDI Line Clipping.csproj", "{A87C226B-269A-4FC8-A627-9D3271CC604F}"
EndProject
Project("{FAE04EC0-301F-11D3-BF4B-00C04F79EFBC}") = "Tutorial 024 - GDI Back-Face Culling", "Tutorial 024 - GDI Back-Face Culling\Tutorial 024 - GDI Back-Face Culling.csproj", "{C5D7A876-4B95-41EC-8B93-5A7A00028171}"
EndProject
Project("{FAE04EC0-301F-11D3-BF4B-00C04F79EFBC}") = "Tutorial 025 - GDI Triangle Clipping", "Tutorial 025 - GDI Triangle Clipping\Tutorial 025 - GDI Triangle Clipping.csproj", "{C001088C-8D41-48B1-8448-2F2C32E8342C}"
EndProject
Global
	GlobalSection(SolutionConfigurationPlatforms) = preSolution
		Debug|Any CPU = Debug|Any CPU
		Release|Any CPU = Release|Any CPU
	EndGlobalSection
	GlobalSection(ProjectConfigurationPlatforms) = postSolution
		{490C5D5B-5BD4-4A9F-91CC-C0F6B94AE93B}.Debug|Any CPU.ActiveCfg = Debug|Any CPU
		{490C5D5B-5BD4-4A9F-91CC-C0F6B94AE93B}.Debug|Any CPU.Build.0 = Debug|Any CPU
		{490C5D5B-5BD4-4A9F-91CC-C0F6B94AE93B}.Release|Any CPU.ActiveCfg = Release|Any CPU
		{490C5D5B-5BD4-4A9F-91CC-C0F6B94AE93B}.Release|Any CPU.Build.0 = Release|Any CPU
		{E31589B9-87DC-4650-900F-E2DAE18370AA}.Debug|Any CPU.ActiveCfg = Debug|Any CPU
		{E31589B9-87DC-4650-900F-E2DAE18370AA}.Debug|Any CPU.Build.0 = Debug|Any CPU
		{E31589B9-87DC-4650-900F-E2DAE18370AA}.Release|Any CPU.ActiveCfg = Release|Any CPU
		{E31589B9-87DC-4650-900F-E2DAE18370AA}.Release|Any CPU.Build.0 = Release|Any CPU
		{99E09DF8-1DD8-4298-B62D-C4E93EF170D2}.Debug|Any CPU.ActiveCfg = Debug|Any CPU
		{99E09DF8-1DD8-4298-B62D-C4E93EF170D2}.Debug|Any CPU.Build.0 = Debug|Any CPU
		{99E09DF8-1DD8-4298-B62D-C4E93EF170D2}.Release|Any CPU.ActiveCfg = Release|Any CPU
		{99E09DF8-1DD8-4298-B62D-C4E93EF170D2}.Release|Any CPU.Build.0 = Release|Any CPU
		{02A0A9DC-7942-4071-BDA7-60695DA5E779}.Debug|Any CPU.ActiveCfg = Debug|Any CPU
		{02A0A9DC-7942-4071-BDA7-60695DA5E779}.Debug|Any CPU.Build.0 = Debug|Any CPU
		{02A0A9DC-7942-4071-BDA7-60695DA5E779}.Release|Any CPU.ActiveCfg = Release|Any CPU
		{02A0A9DC-7942-4071-BDA7-60695DA5E779}.Release|Any CPU.Build.0 = Release|Any CPU
		{A36DB8E7-7F19-4FF7-9D67-5ED9023D108D}.Debug|Any CPU.ActiveCfg = Debug|Any CPU
		{A36DB8E7-7F19-4FF7-9D67-5ED9023D108D}.Debug|Any CPU.Build.0 = Debug|Any CPU
		{A36DB8E7-7F19-4FF7-9D67-5ED9023D108D}.Release|Any CPU.ActiveCfg = Release|Any CPU
		{A36DB8E7-7F19-4FF7-9D67-5ED9023D108D}.Release|Any CPU.Build.0 = Release|Any CPU
		{C4240246-E59D-4F53-9BE5-4E88329FEABC}.Debug|Any CPU.ActiveCfg = Debug|Any CPU
		{C4240246-E59D-4F53-9BE5-4E88329FEABC}.Debug|Any CPU.Build.0 = Debug|Any CPU
		{C4240246-E59D-4F53-9BE5-4E88329FEABC}.Release|Any CPU.ActiveCfg = Release|Any CPU
		{C4240246-E59D-4F53-9BE5-4E88329FEABC}.Release|Any CPU.Build.0 = Release|Any CPU
		{5EBA559E-817E-4FE7-B99D-A0608C0B5120}.Debug|Any CPU.ActiveCfg = Debug|Any CPU
		{5EBA559E-817E-4FE7-B99D-A0608C0B5120}.Debug|Any CPU.Build.0 = Debug|Any CPU
		{5EBA559E-817E-4FE7-B99D-A0608C0B5120}.Release|Any CPU.ActiveCfg = Release|Any CPU
		{5EBA559E-817E-4FE7-B99D-A0608C0B5120}.Release|Any CPU.Build.0 = Release|Any CPU
		{2F75BDA7-7F3B-4802-B545-C7D17B94404F}.Debug|Any CPU.ActiveCfg = Debug|Any CPU
		{2F75BDA7-7F3B-4802-B545-C7D17B94404F}.Debug|Any CPU.Build.0 = Debug|Any CPU
		{2F75BDA7-7F3B-4802-B545-C7D17B94404F}.Release|Any CPU.ActiveCfg = Release|Any CPU
		{2F75BDA7-7F3B-4802-B545-C7D17B94404F}.Release|Any CPU.Build.0 = Release|Any CPU
		{DD0541AD-B692-4767-ABBA-36F1A368F13D}.Debug|Any CPU.ActiveCfg = Debug|Any CPU
		{DD0541AD-B692-4767-ABBA-36F1A368F13D}.Debug|Any CPU.Build.0 = Debug|Any CPU
		{DD0541AD-B692-4767-ABBA-36F1A368F13D}.Release|Any CPU.ActiveCfg = Release|Any CPU
		{DD0541AD-B692-4767-ABBA-36F1A368F13D}.Release|Any CPU.Build.0 = Release|Any CPU
		{EC35FD3D-1D33-42E8-95D9-9304AD35BF11}.Debug|Any CPU.ActiveCfg = Debug|Any CPU
		{EC35FD3D-1D33-42E8-95D9-9304AD35BF11}.Debug|Any CPU.Build.0 = Debug|Any CPU
		{EC35FD3D-1D33-42E8-95D9-9304AD35BF11}.Release|Any CPU.ActiveCfg = Release|Any CPU
		{EC35FD3D-1D33-42E8-95D9-9304AD35BF11}.Release|Any CPU.Build.0 = Release|Any CPU
		{9B3A6F54-B8D8-48AF-BF43-4B5EE2C7DA3C}.Debug|Any CPU.ActiveCfg = Debug|Any CPU
		{9B3A6F54-B8D8-48AF-BF43-4B5EE2C7DA3C}.Debug|Any CPU.Build.0 = Debug|Any CPU
		{9B3A6F54-B8D8-48AF-BF43-4B5EE2C7DA3C}.Release|Any CPU.ActiveCfg = Release|Any CPU
		{9B3A6F54-B8D8-48AF-BF43-4B5EE2C7DA3C}.Release|Any CPU.Build.0 = Release|Any CPU
		{C79BBC0B-B9C4-4FFF-90ED-764DA8A6B065}.Debug|Any CPU.ActiveCfg = Debug|Any CPU
		{C79BBC0B-B9C4-4FFF-90ED-764DA8A6B065}.Debug|Any CPU.Build.0 = Debug|Any CPU
		{C79BBC0B-B9C4-4FFF-90ED-764DA8A6B065}.Release|Any CPU.ActiveCfg = Release|Any CPU
		{C79BBC0B-B9C4-4FFF-90ED-764DA8A6B065}.Release|Any CPU.Build.0 = Release|Any CPU
		{70A6D8C2-74B3-4048-A761-ED72197043A5}.Debug|Any CPU.ActiveCfg = Debug|Any CPU
		{70A6D8C2-74B3-4048-A761-ED72197043A5}.Debug|Any CPU.Build.0 = Debug|Any CPU
		{70A6D8C2-74B3-4048-A761-ED72197043A5}.Release|Any CPU.ActiveCfg = Release|Any CPU
		{70A6D8C2-74B3-4048-A761-ED72197043A5}.Release|Any CPU.Build.0 = Release|Any CPU
		{D76C766C-0D48-422F-8554-1031559FABD3}.Debug|Any CPU.ActiveCfg = Debug|Any CPU
		{D76C766C-0D48-422F-8554-1031559FABD3}.Debug|Any CPU.Build.0 = Debug|Any CPU
		{D76C766C-0D48-422F-8554-1031559FABD3}.Release|Any CPU.ActiveCfg = Release|Any CPU
		{D76C766C-0D48-422F-8554-1031559FABD3}.Release|Any CPU.Build.0 = Release|Any CPU
		{51673CAC-28A4-4D3D-A676-5F59D195C92F}.Debug|Any CPU.ActiveCfg = Debug|Any CPU
		{51673CAC-28A4-4D3D-A676-5F59D195C92F}.Debug|Any CPU.Build.0 = Debug|Any CPU
		{51673CAC-28A4-4D3D-A676-5F59D195C92F}.Release|Any CPU.ActiveCfg = Release|Any CPU
		{51673CAC-28A4-4D3D-A676-5F59D195C92F}.Release|Any CPU.Build.0 = Release|Any CPU
		{B04CF5FD-59B8-46CE-BD96-E1ECB383B25B}.Debug|Any CPU.ActiveCfg = Debug|Any CPU
		{B04CF5FD-59B8-46CE-BD96-E1ECB383B25B}.Debug|Any CPU.Build.0 = Debug|Any CPU
		{B04CF5FD-59B8-46CE-BD96-E1ECB383B25B}.Release|Any CPU.ActiveCfg = Release|Any CPU
		{B04CF5FD-59B8-46CE-BD96-E1ECB383B25B}.Release|Any CPU.Build.0 = Release|Any CPU
		{2EA97E80-96DA-4BD1-A68B-19D2F44F8F8F}.Debug|Any CPU.ActiveCfg = Debug|Any CPU
		{2EA97E80-96DA-4BD1-A68B-19D2F44F8F8F}.Debug|Any CPU.Build.0 = Debug|Any CPU
		{2EA97E80-96DA-4BD1-A68B-19D2F44F8F8F}.Release|Any CPU.ActiveCfg = Release|Any CPU
		{2EA97E80-96DA-4BD1-A68B-19D2F44F8F8F}.Release|Any CPU.Build.0 = Release|Any CPU
		{EAF1E771-AC50-438D-A248-D50E3B7F605D}.Debug|Any CPU.ActiveCfg = Debug|Any CPU
		{EAF1E771-AC50-438D-A248-D50E3B7F605D}.Debug|Any CPU.Build.0 = Debug|Any CPU
		{EAF1E771-AC50-438D-A248-D50E3B7F605D}.Release|Any CPU.ActiveCfg = Release|Any CPU
		{EAF1E771-AC50-438D-A248-D50E3B7F605D}.Release|Any CPU.Build.0 = Release|Any CPU
		{BA52B315-21E8-426A-B1D6-B0F7E115D929}.Debug|Any CPU.ActiveCfg = Debug|Any CPU
		{BA52B315-21E8-426A-B1D6-B0F7E115D929}.Debug|Any CPU.Build.0 = Debug|Any CPU
		{BA52B315-21E8-426A-B1D6-B0F7E115D929}.Release|Any CPU.ActiveCfg = Release|Any CPU
		{BA52B315-21E8-426A-B1D6-B0F7E115D929}.Release|Any CPU.Build.0 = Release|Any CPU
		{BF55C633-7DD6-4CED-8290-B85077067665}.Debug|Any CPU.ActiveCfg = Debug|Any CPU
		{BF55C633-7DD6-4CED-8290-B85077067665}.Debug|Any CPU.Build.0 = Debug|Any CPU
		{BF55C633-7DD6-4CED-8290-B85077067665}.Release|Any CPU.ActiveCfg = Release|Any CPU
		{BF55C633-7DD6-4CED-8290-B85077067665}.Release|Any CPU.Build.0 = Release|Any CPU
		{51952CD4-7047-4AB0-8264-8496B76AD47F}.Debug|Any CPU.ActiveCfg = Debug|Any CPU
		{51952CD4-7047-4AB0-8264-8496B76AD47F}.Debug|Any CPU.Build.0 = Debug|Any CPU
		{51952CD4-7047-4AB0-8264-8496B76AD47F}.Release|Any CPU.ActiveCfg = Release|Any CPU
		{51952CD4-7047-4AB0-8264-8496B76AD47F}.Release|Any CPU.Build.0 = Release|Any CPU
		{05259DEF-3900-4D38-A28B-2CDC722EF8B8}.Debug|Any CPU.ActiveCfg = Debug|Any CPU
		{05259DEF-3900-4D38-A28B-2CDC722EF8B8}.Debug|Any CPU.Build.0 = Debug|Any CPU
		{05259DEF-3900-4D38-A28B-2CDC722EF8B8}.Release|Any CPU.ActiveCfg = Release|Any CPU
		{05259DEF-3900-4D38-A28B-2CDC722EF8B8}.Release|Any CPU.Build.0 = Release|Any CPU
		{A87C226B-269A-4FC8-A627-9D3271CC604F}.Debug|Any CPU.ActiveCfg = Debug|Any CPU
		{A87C226B-269A-4FC8-A627-9D3271CC604F}.Debug|Any CPU.Build.0 = Debug|Any CPU
		{A87C226B-269A-4FC8-A627-9D3271CC604F}.Release|Any CPU.ActiveCfg = Release|Any CPU
		{A87C226B-269A-4FC8-A627-9D3271CC604F}.Release|Any CPU.Build.0 = Release|Any CPU
		{C5D7A876-4B95-41EC-8B93-5A7A00028171}.Debug|Any CPU.ActiveCfg = Debug|Any CPU
		{C5D7A876-4B95-41EC-8B93-5A7A00028171}.Debug|Any CPU.Build.0 = Debug|Any CPU
		{C5D7A876-4B95-41EC-8B93-5A7A00028171}.Release|Any CPU.ActiveCfg = Release|Any CPU
		{C5D7A876-4B95-41EC-8B93-5A7A00028171}.Release|Any CPU.Build.0 = Release|Any CPU
		{C001088C-8D41-48B1-8448-2F2C32E8342C}.Debug|Any CPU.ActiveCfg = Debug|Any CPU
		{C001088C-8D41-48B1-8448-2F2C32E8342C}.Debug|Any CPU.Build.0 = Debug|Any CPU
		{C001088C-8D41-48B1-8448-2F2C32E8342C}.Release|Any CPU.ActiveCfg = Release|Any CPU
		{C001088C-8D41-48B1-8448-2F2C32E8342C}.Release|Any CPU.Build.0 = Release|Any CPU
	EndGlobalSection
	GlobalSection(SolutionProperties) = preSolution
		HideSolutionNode = FALSE
	EndGlobalSection
	GlobalSection(ExtensibilityGlobals) = postSolution
		SolutionGuid = {274594E9-8895-4458-BC0B-B81FDBE3EEB3}
	EndGlobalSection
EndGlobal
